
Microsoft Visual Studio Solution File, Format Version 12.00
# Visual Studio 14
VisualStudioVersion = 14.0.24720.0
MinimumVisualStudioVersion = 10.0.40219.1
Project("{FAE04EC0-301F-11D3-BF4B-00C04F79EFBC}") = "DTO", "DTO\DTO.csproj", "{8E9FBDD3-5808-4281-9FA9-F34D63357EB8}"
EndProject
Project("{FAE04EC0-301F-11D3-BF4B-00C04F79EFBC}") = "CATest", "CATest\CATest.csproj", "{4CAAE7FE-C4C1-44BF-85EA-130D904939E8}"
EndProject
Project("{FAE04EC0-301F-11D3-BF4B-00C04F79EFBC}") = "DAL", "DAL\DAL.csproj", "{8C5FDD47-2351-4BA0-B075-8050D785D5E1}"
EndProject
Global
	GlobalSection(SolutionConfigurationPlatforms) = preSolution
		Debug|Any CPU = Debug|Any CPU
		Release|Any CPU = Release|Any CPU
	EndGlobalSection
	GlobalSection(ProjectConfigurationPlatforms) = postSolution
		{8E9FBDD3-5808-4281-9FA9-F34D63357EB8}.Debug|Any CPU.ActiveCfg = Debug|Any CPU
		{8E9FBDD3-5808-4281-9FA9-F34D63357EB8}.Debug|Any CPU.Build.0 = Debug|Any CPU
		{8E9FBDD3-5808-4281-9FA9-F34D63357EB8}.Release|Any CPU.ActiveCfg = Release|Any CPU
		{8E9FBDD3-5808-4281-9FA9-F34D63357EB8}.Release|Any CPU.Build.0 = Release|Any CPU
		{4CAAE7FE-C4C1-44BF-85EA-130D904939E8}.Debug|Any CPU.ActiveCfg = Debug|Any CPU
		{4CAAE7FE-C4C1-44BF-85EA-130D904939E8}.Debug|Any CPU.Build.0 = Debug|Any CPU
		{4CAAE7FE-C4C1-44BF-85EA-130D904939E8}.Release|Any CPU.ActiveCfg = Release|Any CPU
		{4CAAE7FE-C4C1-44BF-85EA-130D904939E8}.Release|Any CPU.Build.0 = Release|Any CPU
		{8C5FDD47-2351-4BA0-B075-8050D785D5E1}.Debug|Any CPU.ActiveCfg = Debug|Any CPU
		{8C5FDD47-2351-4BA0-B075-8050D785D5E1}.Debug|Any CPU.Build.0 = Debug|Any CPU
		{8C5FDD47-2351-4BA0-B075-8050D785D5E1}.Release|Any CPU.ActiveCfg = Release|Any CPU
		{8C5FDD47-2351-4BA0-B075-8050D785D5E1}.Release|Any CPU.Build.0 = Release|Any CPU
	EndGlobalSection
	GlobalSection(SolutionProperties) = preSolution
		HideSolutionNode = FALSE
	EndGlobalSection
EndGlobal
